{
  "requires": true,
  "lockfileVersion": 1,
  "dependencies": {
    "@types/react-gtm-module": {
      "version": "2.0.0",
      "resolved": "https://registry.npmjs.org/@types/react-gtm-module/-/react-gtm-module-2.0.0.tgz",
      "integrity": "sha512-2d7TUhOQBG6cSVSSSWaoSu+Ds84VQFTuVKLeGNc2GtfA7JDr+z3ujl4n/rezaRRNEhjn+9SllwHy1iNxxP8jDg==",
      "dev": true
    },
    "react-gtm-module": {
      "version": "2.0.11",
      "resolved": "https://registry.npmjs.org/react-gtm-module/-/react-gtm-module-2.0.11.tgz",
      "integrity": "sha512-8gyj4TTxeP7eEyc2QKawEuQoAZdjKvMY4pgWfycGmqGByhs17fR+zEBs0JUDq4US/l+vbTl+6zvUIx27iDo/Vw=="
    }
  }
}
